
Microsoft Visual Studio Solution File, Format Version 12.00
# Visual Studio Version 16
VisualStudioVersion = 16.0.31025.194
MinimumVisualStudioVersion = 10.0.40219.1
Project("{FAE04EC0-301F-11D3-BF4B-00C04F79EFBC}") = "Gun_Project", "Gun_Project.csproj", "{A49C4253-1F1F-4DE0-AAAF-17FAB4B7E14F}"
EndProject
Project("{FAE04EC0-301F-11D3-BF4B-00C04F79EFBC}") = "testing", "..\testing\testing.csproj", "{F48ECC50-B757-43B6-83BC-E27C76E09E17}"
EndProject
Project("{FAE04EC0-301F-11D3-BF4B-00C04F79EFBC}") = "UnitTestProject1", "UnitTestProject1\UnitTestProject1.csproj", "{F1468BBF-03AA-4767-A777-7CA1623ADE9F}"
EndProject
Global
	GlobalSection(SolutionConfigurationPlatforms) = preSolution
		Debug|Any CPU = Debug|Any CPU
		Release|Any CPU = Release|Any CPU
	EndGlobalSection
	GlobalSection(ProjectConfigurationPlatforms) = postSolution
		{A49C4253-1F1F-4DE0-AAAF-17FAB4B7E14F}.Debug|Any CPU.ActiveCfg = Debug|Any CPU
		{A49C4253-1F1F-4DE0-AAAF-17FAB4B7E14F}.Debug|Any CPU.Build.0 = Debug|Any CPU
		{A49C4253-1F1F-4DE0-AAAF-17FAB4B7E14F}.Release|Any CPU.ActiveCfg = Release|Any CPU
		{A49C4253-1F1F-4DE0-AAAF-17FAB4B7E14F}.Release|Any CPU.Build.0 = Release|Any CPU
		{F48ECC50-B757-43B6-83BC-E27C76E09E17}.Debug|Any CPU.ActiveCfg = Debug|Any CPU
		{F48ECC50-B757-43B6-83BC-E27C76E09E17}.Debug|Any CPU.Build.0 = Debug|Any CPU
		{F48ECC50-B757-43B6-83BC-E27C76E09E17}.Release|Any CPU.ActiveCfg = Release|Any CPU
		{F48ECC50-B757-43B6-83BC-E27C76E09E17}.Release|Any CPU.Build.0 = Release|Any CPU
		{F1468BBF-03AA-4767-A777-7CA1623ADE9F}.Debug|Any CPU.ActiveCfg = Debug|Any CPU
		{F1468BBF-03AA-4767-A777-7CA1623ADE9F}.Debug|Any CPU.Build.0 = Debug|Any CPU
		{F1468BBF-03AA-4767-A777-7CA1623ADE9F}.Release|Any CPU.ActiveCfg = Release|Any CPU
		{F1468BBF-03AA-4767-A777-7CA1623ADE9F}.Release|Any CPU.Build.0 = Release|Any CPU
	EndGlobalSection
	GlobalSection(SolutionProperties) = preSolution
		HideSolutionNode = FALSE
	EndGlobalSection
	GlobalSection(ExtensibilityGlobals) = postSolution
		SolutionGuid = {0B8FBE4C-01FB-498A-870D-9482A24967D3}
	EndGlobalSection
EndGlobal
